<?xml version="1.0" encoding="utf-8"?>
<Project ToolsVersion="4.0" xmlns="http://schemas.microsoft.com/developer/msbuild/2003">
  <ItemGroup>
    <Filter Include="ソース ファイル">
      <UniqueIdentifier>{4FC737F1-C7A5-4376-A066-2A32D752A2FF}</UniqueIdentifier>
      <Extensions>cpp;c;cc;cxx;def;odl;idl;hpj;bat;asm;asmx</Extensions>
    </Filter>
    <Filter Include="ヘッダー ファイル">
      <UniqueIdentifier>{93995380-89BD-4b04-88EB-625FBE52EBFB}</UniqueIdentifier>
      <Extensions>h;hpp;hxx;hm;inl;inc;xsd</Extensions>
    </Filter>
    <Filter Include="リソース ファイル">
      <UniqueIdentifier>{67DA6AB6-F800-4c08-8B7A-83BB121AAD01}</UniqueIdentifier>
      <Extensions>rc;ico;cur;bmp;dlg;rc2;rct;bin;rgs;gif;jpg;jpeg;jpe;resx;tiff;tif;png;wav;mfcribbon-ms</Extensions>
    </Filter>
    <Filter Include="HSP">
      <UniqueIdentifier>{c744e394-4172-4764-b26e-5f57bdd01b62}</UniqueIdentifier>
    </Filter>
    <Filter Include="Lua">
      <UniqueIdentifier>{31fc4bfc-2a99-408d-9924-822d0bfd2fac}</UniqueIdentifier>
    </Filter>
  </ItemGroup>
  <ItemGroup>
    <ClCompile Include="hsp\hsp3plugin.cpp">
      <Filter>HSP</Filter>
    </ClCompile>
    <ClCompile Include="hsplua.cpp">
      <Filter>ソース ファイル</Filter>
    </ClCompile>
    <ClCompile Include="commands.cpp">
      <Filter>ソース ファイル</Filter>
    </ClCompile>
    <ClCompile Include="chkstat.cpp">
      <Filter>ソース ファイル</Filter>
    </ClCompile>
    <ClCompile Include="pushpop.cpp">
      <Filter>ソース ファイル</Filter>
    </ClCompile>
    <ClCompile Include="labelfunc.cpp">
      <Filter>ソース ファイル</Filter>
    </ClCompile>
    <ClCompile Include="chktype.cpp">
      <Filter>ソース ファイル</Filter>
    </ClCompile>
    <ClCompile Include="readval.cpp">
      <Filter>ソース ファイル</Filter>
    </ClCompile>
    <ClCompile Include="gc.cpp">
      <Filter>ソース ファイル</Filter>
    </ClCompile>
  </ItemGroup>
  <ItemGroup>
    <ClInclude Include="hsp\hsp3debug.h">
      <Filter>HSP</Filter>
    </ClInclude>
    <ClInclude Include="hsp\hsp3plugin.h">
      <Filter>HSP</Filter>
    </ClInclude>
    <ClInclude Include="hsp\hsp3struct.h">
      <Filter>HSP</Filter>
    </ClInclude>
    <ClInclude Include="hsp\hspvar_core.h">
      <Filter>HSP</Filter>
    </ClInclude>
    <ClInclude Include="lua\include\lauxlib.h">
      <Filter>Lua</Filter>
    </ClInclude>
    <ClInclude Include="lua\include\lua.h">
      <Filter>Lua</Filter>
    </ClInclude>
    <ClInclude Include="lua\include\lua.hpp">
      <Filter>Lua</Filter>
    </ClInclude>
    <ClInclude Include="lua\include\luaconf.h">
      <Filter>Lua</Filter>
    </ClInclude>
    <ClInclude Include="lua\include\lualib.h">
      <Filter>Lua</Filter>
    </ClInclude>
    <ClInclude Include="hsplua.h">
      <Filter>ヘッダー ファイル</Filter>
    </ClInclude>
    <ClInclude Include="commands.h">
      <Filter>ヘッダー ファイル</Filter>
    </ClInclude>
    <ClInclude Include="chkstat.h">
      <Filter>ヘッダー ファイル</Filter>
    </ClInclude>
    <ClInclude Include="pushpop.h">
      <Filter>ヘッダー ファイル</Filter>
    </ClInclude>
    <ClInclude Include="labelfunc.h">
      <Filter>ヘッダー ファイル</Filter>
    </ClInclude>
    <ClInclude Include="chktype.h">
      <Filter>ヘッダー ファイル</Filter>
    </ClInclude>
    <ClInclude Include="readval.h">
      <Filter>ヘッダー ファイル</Filter>
    </ClInclude>
    <ClInclude Include="gc.h">
      <Filter>ヘッダー ファイル</Filter>
    </ClInclude>
  </ItemGroup>
</Project>